
Microsoft Visual Studio Solution File, Format Version 12.00
# Visual Studio 15
VisualStudioVersion = 15.0.28010.2046
MinimumVisualStudioVersion = 10.0.40219.1
Project("{9A19103F-16F7-4668-BE54-9A1E7A4F7556}") = "EncryptionServer.NetCoreWebApp", "EncryptionServer.NetCoreWebApp.csproj", "{496A33B2-338B-4917-BC14-B8935D7042BF}"
EndProject
Project("{FAE04EC0-301F-11D3-BF4B-00C04F79EFBC}") = "Lib.Security", "..\Lib.Security\Lib.Security.csproj", "{E977050F-009B-44F4-A6D5-032E38EA63A6}"
EndProject
Project("{FAE04EC0-301F-11D3-BF4B-00C04F79EFBC}") = "Lib.Strings", "..\Lib.Strings\Lib.Strings.csproj", "{AEC79C91-7BB6-4F43-A689-319A01CA8BBF}"
EndProject
Global
	GlobalSection(SolutionConfigurationPlatforms) = preSolution
		Debug|Any CPU = Debug|Any CPU
		Release|Any CPU = Release|Any CPU
	EndGlobalSection
	GlobalSection(ProjectConfigurationPlatforms) = postSolution
		{496A33B2-338B-4917-BC14-B8935D7042BF}.Debug|Any CPU.ActiveCfg = Debug|Any CPU
		{496A33B2-338B-4917-BC14-B8935D7042BF}.Debug|Any CPU.Build.0 = Debug|Any CPU
		{496A33B2-338B-4917-BC14-B8935D7042BF}.Release|Any CPU.ActiveCfg = Release|Any CPU
		{496A33B2-338B-4917-BC14-B8935D7042BF}.Release|Any CPU.Build.0 = Release|Any CPU
		{E977050F-009B-44F4-A6D5-032E38EA63A6}.Debug|Any CPU.ActiveCfg = Debug|Any CPU
		{E977050F-009B-44F4-A6D5-032E38EA63A6}.Debug|Any CPU.Build.0 = Debug|Any CPU
		{E977050F-009B-44F4-A6D5-032E38EA63A6}.Release|Any CPU.ActiveCfg = Release|Any CPU
		{E977050F-009B-44F4-A6D5-032E38EA63A6}.Release|Any CPU.Build.0 = Release|Any CPU
		{AEC79C91-7BB6-4F43-A689-319A01CA8BBF}.Debug|Any CPU.ActiveCfg = Debug|Any CPU
		{AEC79C91-7BB6-4F43-A689-319A01CA8BBF}.Debug|Any CPU.Build.0 = Debug|Any CPU
		{AEC79C91-7BB6-4F43-A689-319A01CA8BBF}.Release|Any CPU.ActiveCfg = Release|Any CPU
		{AEC79C91-7BB6-4F43-A689-319A01CA8BBF}.Release|Any CPU.Build.0 = Release|Any CPU
	EndGlobalSection
	GlobalSection(SolutionProperties) = preSolution
		HideSolutionNode = FALSE
	EndGlobalSection
	GlobalSection(ExtensibilityGlobals) = postSolution
		SolutionGuid = {C9464CC1-1B74-4286-9E93-4E134EF27227}
	EndGlobalSection
EndGlobal
